<?xml version="1.0" encoding="utf-8"?>
<Project ToolsVersion="4.0" xmlns="http://schemas.microsoft.com/developer/msbuild/2003">
  <ItemGroup>
    <Filter Include="Source Files">
      <UniqueIdentifier>{4FC737F1-C7A5-4376-A066-2A32D752A2FF}</UniqueIdentifier>
      <Extensions>cpp;c;cc;cxx;def;odl;idl;hpj;bat;asm;asmx</Extensions>
    </Filter>
    <Filter Include="Header Files">
      <UniqueIdentifier>{93995380-89BD-4b04-88EB-625FBE52EBFB}</UniqueIdentifier>
      <Extensions>h;hh;hpp;hxx;hm;inl;inc;xsd</Extensions>
    </Filter>
    <Filter Include="Resource Files">
      <UniqueIdentifier>{67DA6AB6-F800-4c08-8B7A-83BB121AAD01}</UniqueIdentifier>
      <Extensions>rc;ico;cur;bmp;dlg;rc2;rct;bin;rgs;gif;jpg;jpeg;jpe;resx;tiff;tif;png;wav;mfcribbon-ms</Extensions>
    </Filter>
    <Filter Include="Resource Files\Sprites">
      <UniqueIdentifier>{1bafee6b-5ee5-4615-be6c-8fb2b2bdc43d}</UniqueIdentifier>
    </Filter>
    <Filter Include="Resource Files\Sprites\alien-spr">
      <UniqueIdentifier>{eb848165-9fdd-49fe-97b8-7dc22d50e974}</UniqueIdentifier>
    </Filter>
    <Filter Include="Resource Files\Sprites\bull-spr">
      <UniqueIdentifier>{97450b9a-b45d-4983-8a69-2580d520a4d3}</UniqueIdentifier>
    </Filter>
  </ItemGroup>
  <ItemGroup>
    <ClCompile Include="..\include\game.cpp">
      <Filter>Source Files</Filter>
    </ClCompile>
    <ClCompile Include="..\include\Platform.cpp">
      <Filter>Source Files</Filter>
    </ClCompile>
    <ClCompile Include="..\include\Organizer.cpp">
      <Filter>Source Files</Filter>
    </ClCompile>
    <ClCompile Include="..\include\stage\UltimateTerminal.cpp">
      <Filter>Source Files</Filter>
    </ClCompile>
    <ClCompile Include="..\include\stage\Stage.cpp">
      <Filter>Source Files</Filter>
    </ClCompile>
    <ClCompile Include="..\include\character\RobotCharacter.cpp">
      <Filter>Source Files</Filter>
    </ClCompile>
    <ClCompile Include="..\include\character\CharTest.cpp">
      <Filter>Source Files</Filter>
    </ClCompile>
    <ClCompile Include="..\include\character\Character.cpp">
      <Filter>Source Files</Filter>
    </ClCompile>
    <ClCompile Include="..\include\character\PlayerName.cpp">
      <Filter>Source Files</Filter>
    </ClCompile>
    <ClCompile Include="..\include\Hitbox.cpp">
      <Filter>Resource Files</Filter>
    </ClCompile>
    <ClCompile Include="..\include\CharacterSelect.cpp">
      <Filter>Source Files</Filter>
    </ClCompile>
  </ItemGroup>
  <ItemGroup>
    <Text Include="Sprites\testsprite.txt">
      <Filter>Resource Files\Sprites</Filter>
    </Text>
    <Text Include="Sprites\platform.txt">
      <Filter>Resource Files\Sprites</Filter>
    </Text>
    <Text Include="Sprites\stages\ultimate_terminal.txt">
      <Filter>Resource Files\Sprites</Filter>
    </Text>
    <Text Include="Sprites\alien-spr\alien-left-spr.txt">
      <Filter>Resource Files\Sprites\alien-spr</Filter>
    </Text>
    <Text Include="Sprites\alien-spr\alien-left-walk-spr.txt">
      <Filter>Resource Files\Sprites\alien-spr</Filter>
    </Text>
    <Text Include="Sprites\alien-spr\alien-right-spr.txt">
      <Filter>Resource Files\Sprites\alien-spr</Filter>
    </Text>
    <Text Include="Sprites\alien-spr\alien-right-walk-spr.txt">
      <Filter>Resource Files\Sprites\alien-spr</Filter>
    </Text>
    <Text Include="Sprites\bull-spr\bull-left-spr.txt">
      <Filter>Resource Files\Sprites\bull-spr</Filter>
    </Text>
    <Text Include="Sprites\bull-spr\bull-left-walk-spr.txt">
      <Filter>Resource Files\Sprites\bull-spr</Filter>
    </Text>
    <Text Include="Sprites\bull-spr\bull-right-spr.txt">
      <Filter>Resource Files\Sprites\bull-spr</Filter>
    </Text>
    <Text Include="Sprites\bull-spr\bull-right-walk-spr.txt">
      <Filter>Resource Files\Sprites\bull-spr</Filter>
    </Text>
    <Text Include="Sprites\Title.txt">
      <Filter>Resource Files\Sprites</Filter>
    </Text>
    <Text Include="Sprites\Select-spr.txt">
      <Filter>Resource Files\Sprites</Filter>
    </Text>
  </ItemGroup>
  <ItemGroup>
    <ClInclude Include="..\include\Platform.h">
      <Filter>Header Files</Filter>
    </ClInclude>
    <ClInclude Include="..\include\Organizer.h">
      <Filter>Header Files</Filter>
    </ClInclude>
    <ClInclude Include="..\include\stage\UltimateTerminal.h">
      <Filter>Header Files</Filter>
    </ClInclude>
    <ClInclude Include="..\include\stage\Stage.h">
      <Filter>Header Files</Filter>
    </ClInclude>
    <ClInclude Include="..\include\character\RobotCharacter.h">
      <Filter>Header Files</Filter>
    </ClInclude>
    <ClInclude Include="..\include\character\CharTest.h">
      <Filter>Header Files</Filter>
    </ClInclude>
    <ClInclude Include="..\include\character\Character.h">
      <Filter>Header Files</Filter>
    </ClInclude>
    <ClInclude Include="..\include\character\PlayerName.h">
      <Filter>Header Files</Filter>
    </ClInclude>
    <ClInclude Include="..\include\Hitbox.h">
      <Filter>Header Files</Filter>
    </ClInclude>
    <ClInclude Include="..\include\CharacterSelect.h">
      <Filter>Header Files</Filter>
    </ClInclude>
  </ItemGroup>
</Project>